
Microsoft Visual Studio Solution File, Format Version 12.00
# Visual Studio Version 16
VisualStudioVersion = 16.0.30804.86
MinimumVisualStudioVersion = 10.0.40219.1
Project("{2150E333-8FDC-42A3-9474-1A3956D46DE8}") = "HW2", "HW2", "{8A693C37-2314-4178-A670-F6B398E1246A}"
EndProject
Project("{9A19103F-16F7-4668-BE54-9A1E7A4F7556}") = "App", "App\App.csproj", "{041FD925-D883-4069-B232-CB4CBBBAA03D}"
EndProject
Project("{2150E333-8FDC-42A3-9474-1A3956D46DE8}") = "HW3", "HW3", "{C4B05B6B-9015-4237-AF94-C565295C7171}"
EndProject
Project("{9A19103F-16F7-4668-BE54-9A1E7A4F7556}") = "App3", "App3\App3.csproj", "{A897DC76-9BDA-4912-9B27-EEDB76BF35B8}"
EndProject
Project("{2150E333-8FDC-42A3-9474-1A3956D46DE8}") = "HW4", "HW4", "{18847841-AEB9-4188-AB2D-799AA0CFA872}"
EndProject
Project("{9A19103F-16F7-4668-BE54-9A1E7A4F7556}") = "App4", "App4\App4.csproj", "{D45EB353-0137-4958-9475-5A54EA3F97BA}"
EndProject
Project("{2150E333-8FDC-42A3-9474-1A3956D46DE8}") = "HW5", "HW5", "{E9607CD0-A75F-4EA4-AD71-74CE3ED4C4A6}"
EndProject
Project("{9A19103F-16F7-4668-BE54-9A1E7A4F7556}") = "App5", "App5\App5.csproj", "{830B8865-3B45-4BBD-9D39-55683A5023CB}"
EndProject
Project("{2150E333-8FDC-42A3-9474-1A3956D46DE8}") = "HW6-7", "HW6-7", "{25B8315C-CD4E-4F26-A6F9-F3C66B778DD8}"
EndProject
Project("{9A19103F-16F7-4668-BE54-9A1E7A4F7556}") = "App6-7", "App6-7\App6-7.csproj", "{FD7CC9E8-10D5-465C-9223-9C08E2E36A38}"
EndProject
Project("{2150E333-8FDC-42A3-9474-1A3956D46DE8}") = "HW9", "HW9", "{16719AB4-9FFF-4070-AD77-0C7B71DF7565}"
EndProject
Project("{9A19103F-16F7-4668-BE54-9A1E7A4F7556}") = "App9", "App9\App9.csproj", "{4C8EA725-BFF4-4344-AE52-1D40CEA64AF9}"
EndProject
Project("{2150E333-8FDC-42A3-9474-1A3956D46DE8}") = "HW10", "HW10", "{AE5F61FF-E044-42F7-B5CC-77DC618E35F1}"
EndProject
Project("{9A19103F-16F7-4668-BE54-9A1E7A4F7556}") = "App10", "App10\App10.csproj", "{59E9F3EB-4899-4359-9DF8-380DCE80A85B}"
EndProject
Project("{2150E333-8FDC-42A3-9474-1A3956D46DE8}") = "HW11", "HW11", "{F6795833-A536-4231-90CA-42598121A734}"
EndProject
Project("{FAE04EC0-301F-11D3-BF4B-00C04F79EFBC}") = "App11", "App11\App11.csproj", "{9959CAFE-8928-47F6-8875-608CAD442328}"
EndProject
Global
	GlobalSection(SolutionConfigurationPlatforms) = preSolution
		Debug|Any CPU = Debug|Any CPU
		Release|Any CPU = Release|Any CPU
	EndGlobalSection
	GlobalSection(ProjectConfigurationPlatforms) = postSolution
		{041FD925-D883-4069-B232-CB4CBBBAA03D}.Debug|Any CPU.ActiveCfg = Debug|Any CPU
		{041FD925-D883-4069-B232-CB4CBBBAA03D}.Debug|Any CPU.Build.0 = Debug|Any CPU
		{041FD925-D883-4069-B232-CB4CBBBAA03D}.Release|Any CPU.ActiveCfg = Release|Any CPU
		{041FD925-D883-4069-B232-CB4CBBBAA03D}.Release|Any CPU.Build.0 = Release|Any CPU
		{A897DC76-9BDA-4912-9B27-EEDB76BF35B8}.Debug|Any CPU.ActiveCfg = Debug|Any CPU
		{A897DC76-9BDA-4912-9B27-EEDB76BF35B8}.Debug|Any CPU.Build.0 = Debug|Any CPU
		{A897DC76-9BDA-4912-9B27-EEDB76BF35B8}.Release|Any CPU.ActiveCfg = Release|Any CPU
		{A897DC76-9BDA-4912-9B27-EEDB76BF35B8}.Release|Any CPU.Build.0 = Release|Any CPU
		{D45EB353-0137-4958-9475-5A54EA3F97BA}.Debug|Any CPU.ActiveCfg = Debug|Any CPU
		{D45EB353-0137-4958-9475-5A54EA3F97BA}.Debug|Any CPU.Build.0 = Debug|Any CPU
		{D45EB353-0137-4958-9475-5A54EA3F97BA}.Release|Any CPU.ActiveCfg = Release|Any CPU
		{D45EB353-0137-4958-9475-5A54EA3F97BA}.Release|Any CPU.Build.0 = Release|Any CPU
		{830B8865-3B45-4BBD-9D39-55683A5023CB}.Debug|Any CPU.ActiveCfg = Debug|Any CPU
		{830B8865-3B45-4BBD-9D39-55683A5023CB}.Debug|Any CPU.Build.0 = Debug|Any CPU
		{830B8865-3B45-4BBD-9D39-55683A5023CB}.Release|Any CPU.ActiveCfg = Release|Any CPU
		{830B8865-3B45-4BBD-9D39-55683A5023CB}.Release|Any CPU.Build.0 = Release|Any CPU
		{FD7CC9E8-10D5-465C-9223-9C08E2E36A38}.Debug|Any CPU.ActiveCfg = Debug|Any CPU
		{FD7CC9E8-10D5-465C-9223-9C08E2E36A38}.Debug|Any CPU.Build.0 = Debug|Any CPU
		{FD7CC9E8-10D5-465C-9223-9C08E2E36A38}.Release|Any CPU.ActiveCfg = Release|Any CPU
		{FD7CC9E8-10D5-465C-9223-9C08E2E36A38}.Release|Any CPU.Build.0 = Release|Any CPU
		{4C8EA725-BFF4-4344-AE52-1D40CEA64AF9}.Debug|Any CPU.ActiveCfg = Debug|Any CPU
		{4C8EA725-BFF4-4344-AE52-1D40CEA64AF9}.Debug|Any CPU.Build.0 = Debug|Any CPU
		{4C8EA725-BFF4-4344-AE52-1D40CEA64AF9}.Release|Any CPU.ActiveCfg = Release|Any CPU
		{4C8EA725-BFF4-4344-AE52-1D40CEA64AF9}.Release|Any CPU.Build.0 = Release|Any CPU
		{59E9F3EB-4899-4359-9DF8-380DCE80A85B}.Debug|Any CPU.ActiveCfg = Debug|Any CPU
		{59E9F3EB-4899-4359-9DF8-380DCE80A85B}.Debug|Any CPU.Build.0 = Debug|Any CPU
		{59E9F3EB-4899-4359-9DF8-380DCE80A85B}.Release|Any CPU.ActiveCfg = Release|Any CPU
		{59E9F3EB-4899-4359-9DF8-380DCE80A85B}.Release|Any CPU.Build.0 = Release|Any CPU
		{9959CAFE-8928-47F6-8875-608CAD442328}.Debug|Any CPU.ActiveCfg = Debug|Any CPU
		{9959CAFE-8928-47F6-8875-608CAD442328}.Debug|Any CPU.Build.0 = Debug|Any CPU
		{9959CAFE-8928-47F6-8875-608CAD442328}.Release|Any CPU.ActiveCfg = Release|Any CPU
		{9959CAFE-8928-47F6-8875-608CAD442328}.Release|Any CPU.Build.0 = Release|Any CPU
	EndGlobalSection
	GlobalSection(SolutionProperties) = preSolution
		HideSolutionNode = FALSE
	EndGlobalSection
	GlobalSection(NestedProjects) = preSolution
		{041FD925-D883-4069-B232-CB4CBBBAA03D} = {8A693C37-2314-4178-A670-F6B398E1246A}
		{A897DC76-9BDA-4912-9B27-EEDB76BF35B8} = {C4B05B6B-9015-4237-AF94-C565295C7171}
		{D45EB353-0137-4958-9475-5A54EA3F97BA} = {18847841-AEB9-4188-AB2D-799AA0CFA872}
		{830B8865-3B45-4BBD-9D39-55683A5023CB} = {E9607CD0-A75F-4EA4-AD71-74CE3ED4C4A6}
		{FD7CC9E8-10D5-465C-9223-9C08E2E36A38} = {25B8315C-CD4E-4F26-A6F9-F3C66B778DD8}
		{4C8EA725-BFF4-4344-AE52-1D40CEA64AF9} = {16719AB4-9FFF-4070-AD77-0C7B71DF7565}
		{59E9F3EB-4899-4359-9DF8-380DCE80A85B} = {AE5F61FF-E044-42F7-B5CC-77DC618E35F1}
		{9959CAFE-8928-47F6-8875-608CAD442328} = {F6795833-A536-4231-90CA-42598121A734}
	EndGlobalSection
	GlobalSection(ExtensibilityGlobals) = postSolution
		SolutionGuid = {93ECEEE8-7082-4C84-8FC3-9FA992ED377B}
	EndGlobalSection
EndGlobal
